
Microsoft Visual Studio Solution File, Format Version 12.00
# Visual Studio Version 17
VisualStudioVersion = 17.2.32602.215
MinimumVisualStudioVersion = 10.0.40219.1
Project("{9A19103F-16F7-4668-BE54-9A1E7A4F7556}") = "Streamish", "Streamish\Streamish.csproj", "{D1B359D1-EF12-4F0D-8333-BE7BE2436281}"
EndProject
Project("{FAE04EC0-301F-11D3-BF4B-00C04F79EFBC}") = "Streamish.Tests", "Streamish.Tests\Streamish.Tests.csproj", "{EF199459-6FB6-469B-8509-1A8E7F298F82}"
EndProject
Global
	GlobalSection(SolutionConfigurationPlatforms) = preSolution
		Debug|Any CPU = Debug|Any CPU
		Release|Any CPU = Release|Any CPU
	EndGlobalSection
	GlobalSection(ProjectConfigurationPlatforms) = postSolution
		{D1B359D1-EF12-4F0D-8333-BE7BE2436281}.Debug|Any CPU.ActiveCfg = Debug|Any CPU
		{D1B359D1-EF12-4F0D-8333-BE7BE2436281}.Debug|Any CPU.Build.0 = Debug|Any CPU
		{D1B359D1-EF12-4F0D-8333-BE7BE2436281}.Release|Any CPU.ActiveCfg = Release|Any CPU
		{D1B359D1-EF12-4F0D-8333-BE7BE2436281}.Release|Any CPU.Build.0 = Release|Any CPU
		{EF199459-6FB6-469B-8509-1A8E7F298F82}.Debug|Any CPU.ActiveCfg = Debug|Any CPU
		{EF199459-6FB6-469B-8509-1A8E7F298F82}.Debug|Any CPU.Build.0 = Debug|Any CPU
		{EF199459-6FB6-469B-8509-1A8E7F298F82}.Release|Any CPU.ActiveCfg = Release|Any CPU
		{EF199459-6FB6-469B-8509-1A8E7F298F82}.Release|Any CPU.Build.0 = Release|Any CPU
	EndGlobalSection
	GlobalSection(SolutionProperties) = preSolution
		HideSolutionNode = FALSE
	EndGlobalSection
	GlobalSection(ExtensibilityGlobals) = postSolution
		SolutionGuid = {4CF5EEC3-88E8-4CB3-B76B-ECC6FE5BA00A}
	EndGlobalSection
EndGlobal
